
Microsoft Visual Studio Solution File, Format Version 12.00
# Visual Studio Version 17
VisualStudioVersion = 17.0.32112.339
MinimumVisualStudioVersion = 10.0.40219.1
Project("{FAE04EC0-301F-11D3-BF4B-00C04F79EFBC}") = "LogicalPrograms", "LogicalPrograms.csproj", "{3D127A51-3FB3-4899-85E0-4EE67B0DD2D2}"
EndProject
Global
	GlobalSection(SolutionConfigurationPlatforms) = preSolution
		Debug|Any CPU = Debug|Any CPU
		Release|Any CPU = Release|Any CPU
	EndGlobalSection
	GlobalSection(ProjectConfigurationPlatforms) = postSolution
		{3D127A51-3FB3-4899-85E0-4EE67B0DD2D2}.Debug|Any CPU.ActiveCfg = Debug|Any CPU
		{3D127A51-3FB3-4899-85E0-4EE67B0DD2D2}.Debug|Any CPU.Build.0 = Debug|Any CPU
		{3D127A51-3FB3-4899-85E0-4EE67B0DD2D2}.Release|Any CPU.ActiveCfg = Release|Any CPU
		{3D127A51-3FB3-4899-85E0-4EE67B0DD2D2}.Release|Any CPU.Build.0 = Release|Any CPU
	EndGlobalSection
	GlobalSection(SolutionProperties) = preSolution
		HideSolutionNode = FALSE
	EndGlobalSection
	GlobalSection(ExtensibilityGlobals) = postSolution
		SolutionGuid = {DBCBE6D5-7929-419F-ABA5-9E9DCEBF8A11}
	EndGlobalSection
EndGlobal
